
Microsoft Visual Studio Solution File, Format Version 12.00
# Visual Studio Version 17
VisualStudioVersion = 17.9.34723.18
MinimumVisualStudioVersion = 10.0.40219.1
Project("{FAE04EC0-301F-11D3-BF4B-00C04F79EFBC}") = "SalarioCalcular", "SalarioCalcular\SalarioCalcular.csproj", "{620E8185-5E1B-430D-A043-BB6D7E3925EB}"
EndProject
Project("{FAE04EC0-301F-11D3-BF4B-00C04F79EFBC}") = "SalarioFuncionario", "SalarioFuncionario\SalarioFuncionario.csproj", "{B4F513BC-2833-49F4-96A2-568EE418DA88}"
EndProject
Global
	GlobalSection(SolutionConfigurationPlatforms) = preSolution
		Debug|Any CPU = Debug|Any CPU
		Release|Any CPU = Release|Any CPU
	EndGlobalSection
	GlobalSection(ProjectConfigurationPlatforms) = postSolution
		{620E8185-5E1B-430D-A043-BB6D7E3925EB}.Debug|Any CPU.ActiveCfg = Debug|Any CPU
		{620E8185-5E1B-430D-A043-BB6D7E3925EB}.Debug|Any CPU.Build.0 = Debug|Any CPU
		{620E8185-5E1B-430D-A043-BB6D7E3925EB}.Release|Any CPU.ActiveCfg = Release|Any CPU
		{620E8185-5E1B-430D-A043-BB6D7E3925EB}.Release|Any CPU.Build.0 = Release|Any CPU
		{B4F513BC-2833-49F4-96A2-568EE418DA88}.Debug|Any CPU.ActiveCfg = Debug|Any CPU
		{B4F513BC-2833-49F4-96A2-568EE418DA88}.Debug|Any CPU.Build.0 = Debug|Any CPU
		{B4F513BC-2833-49F4-96A2-568EE418DA88}.Release|Any CPU.ActiveCfg = Release|Any CPU
		{B4F513BC-2833-49F4-96A2-568EE418DA88}.Release|Any CPU.Build.0 = Release|Any CPU
	EndGlobalSection
	GlobalSection(SolutionProperties) = preSolution
		HideSolutionNode = FALSE
	EndGlobalSection
	GlobalSection(ExtensibilityGlobals) = postSolution
		SolutionGuid = {AA9C4534-DF2A-4BB8-81FB-5A02A17C9E97}
	EndGlobalSection
EndGlobal
